set_global_assignment -name FAMILY "Cyclone V"
set_global_assignment -name DEVICE 5CSEBA6U23I7
set_global_assignment -name TOP_LEVEL_ENTITY tinysign_de10nano
set_global_assignment -name PROJECT_OUTPUT_DIRECTORY output_files
set_global_assignment -name SDC_FILE TinySign.sdc
set_global_assignment -name SYSTEMVERILOG_FILE ../rtl/arithmetic/mod_add.sv
set_global_assignment -name SYSTEMVERILOG_FILE ../rtl/arithmetic/mod_sub.sv
set_global_assignment -name SYSTEMVERILOG_FILE ../rtl/arithmetic/mod_mul.sv
set_global_assignment -name SYSTEMVERILOG_FILE ../rtl/arithmetic/mod_inv.sv
set_global_assignment -name SYSTEMVERILOG_FILE ../rtl/ec/point_ops.sv
set_global_assignment -name SYSTEMVERILOG_FILE ../rtl/ecdsa/scalar_mult.sv
set_global_assignment -name SYSTEMVERILOG_FILE ../rtl/sha256/sha256_compress.sv
set_global_assignment -name SYSTEMVERILOG_FILE ../rtl/sha256/sha256_hash.sv
set_global_assignment -name SYSTEMVERILOG_FILE ../rtl/nonce/hmac_sha256.sv
set_global_assignment -name SYSTEMVERILOG_FILE ../rtl/nonce/rfc6979.sv
set_global_assignment -name SYSTEMVERILOG_FILE ../rtl/ecdsa/ecdsa_signer.sv
set_global_assignment -name SYSTEMVERILOG_FILE ../rtl/security/key_manager.sv
set_global_assignment -name SYSTEMVERILOG_FILE ../rtl/security/tinysign_core.sv
set_global_assignment -name SYSTEMVERILOG_FILE ../rtl/platform/tinysign_de10nano.sv
